// !$*UTF8*$!
{
	archiveVersion = 1;
	classes = {
	};
	objectVersion = 50;
	objects = {

/* Begin PBXBuildFile section */
		740FE80822C11C700076C1B6 /* main.m in Sources */ = {isa = PBXBuildFile; fileRef = 740FE80722C11C700076C1B6 /* main.m */; };
		740FE82622C245C30076C1B6 /* AppDelegate.m in Sources */ = {isa = PBXBuildFile; fileRef = 740FE82522C245C30076C1B6 /* AppDelegate.m */; };
		740FE82922C245C30076C1B6 /* ViewController.m in Sources */ = {isa = PBXBuildFile; fileRef = 740FE82822C245C30076C1B6 /* ViewController.m */; };
		740FE82C22C245C30076C1B6 /* Main.storyboard in Resources */ = {isa = PBXBuildFile; fileRef = 740FE82A22C245C30076C1B6 /* Main.storyboard */; };
		740FE82E22C245C40076C1B6 /* Assets.xcassets in Resources */ = {isa = PBXBuildFile; fileRef = 740FE82D22C245C40076C1B6 /* Assets.xcassets */; };
		740FE83122C245C40076C1B6 /* LaunchScreen.storyboard in Resources */ = {isa = PBXBuildFile; fileRef = 740FE82F22C245C40076C1B6 /* LaunchScreen.storyboard */; };
		740FE83422C245C40076C1B6 /* main.m in Sources */ = {isa = PBXBuildFile; fileRef = 740FE83322C245C40076C1B6 /* main.m */; };
/* End PBXBuildFile section */

/* Begin PBXCopyFilesBuildPhase section */
		740FE80322C11C700076C1B6 /* CopyFiles */ = {
			isa = PBXCopyFilesBuildPhase;
			buildActionMask = 2147483647;
			dstPath = /usr/share/man/man1/;
			dstSubfolderSpec = 0;
			files = (
			);
			runOnlyForDeploymentPostprocessing = 1;
		};
/* End PBXCopyFilesBuildPhase section */

/* Begin PBXFileReference section */
		740FE80522C11C700076C1B6 /* Runtime介绍 */ = {isa = PBXFileReference; explicitFileType = "compiled.mach-o.executable"; includeInIndex = 0; path = "Runtime介绍"; sourceTree = BUILT_PRODUCTS_DIR; };
		740FE80722C11C700076C1B6 /* main.m */ = {isa = PBXFileReference; lastKnownFileType = sourcecode.c.objc; path = main.m; sourceTree = "<group>"; };
		740FE82222C245C30076C1B6 /* Tagged Pointer介绍.app */ = {isa = PBXFileReference; explicitFileType = wrapper.application; includeInIndex = 0; path = "Tagged Pointer介绍.app"; sourceTree = BUILT_PRODUCTS_DIR; };
		740FE82422C245C30076C1B6 /* AppDelegate.h */ = {isa = PBXFileReference; lastKnownFileType = sourcecode.c.h; path = AppDelegate.h; sourceTree = "<group>"; };
		740FE82522C245C30076C1B6 /* AppDelegate.m */ = {isa = PBXFileReference; lastKnownFileType = sourcecode.c.objc; path = AppDelegate.m; sourceTree = "<group>"; };
		740FE82722C245C30076C1B6 /* ViewController.h */ = {isa = PBXFileReference; lastKnownFileType = sourcecode.c.h; path = ViewController.h; sourceTree = "<group>"; };
		740FE82822C245C30076C1B6 /* ViewController.m */ = {isa = PBXFileReference; lastKnownFileType = sourcecode.c.objc; path = ViewController.m; sourceTree = "<group>"; };
		740FE82B22C245C30076C1B6 /* Base */ = {isa = PBXFileReference; lastKnownFileType = file.storyboard; name = Base; path = Base.lproj/Main.storyboard; sourceTree = "<group>"; };
		740FE82D22C245C40076C1B6 /* Assets.xcassets */ = {isa = PBXFileReference; lastKnownFileType = folder.assetcatalog; path = Assets.xcassets; sourceTree = "<group>"; };
		740FE83022C245C40076C1B6 /* Base */ = {isa = PBXFileReference; lastKnownFileType = file.storyboard; name = Base; path = Base.lproj/LaunchScreen.storyboard; sourceTree = "<group>"; };
		740FE83222C245C40076C1B6 /* Info.plist */ = {isa = PBXFileReference; lastKnownFileType = text.plist.xml; path = Info.plist; sourceTree = "<group>"; };
		740FE83322C245C40076C1B6 /* main.m */ = {isa = PBXFileReference; lastKnownFileType = sourcecode.c.objc; path = main.m; sourceTree = "<group>"; };
/* End PBXFileReference section */

/* Begin PBXFrameworksBuildPhase section */
		740FE80222C11C700076C1B6 /* Frameworks */ = {
			isa = PBXFrameworksBuildPhase;
			buildActionMask = 2147483647;
			files = (
			);
			runOnlyForDeploymentPostprocessing = 0;
		};
		740FE81F22C245C30076C1B6 /* Frameworks */ = {
			isa = PBXFrameworksBuildPhase;
			buildActionMask = 2147483647;
			files = (
			);
			runOnlyForDeploymentPostprocessing = 0;
		};
/* End PBXFrameworksBuildPhase section */

/* Begin PBXGroup section */
		740FE7EE22C11BE70076C1B6 = {
			isa = PBXGroup;
			children = (
				740FE80622C11C700076C1B6 /* Runtime介绍 */,
				740FE82322C245C30076C1B6 /* Tagged Pointer介绍 */,
				740FE7F822C11BE70076C1B6 /* Products */,
			);
			sourceTree = "<group>";
		};
		740FE7F822C11BE70076C1B6 /* Products */ = {
			isa = PBXGroup;
			children = (
				740FE80522C11C700076C1B6 /* Runtime介绍 */,
				740FE82222C245C30076C1B6 /* Tagged Pointer介绍.app */,
			);
			name = Products;
			sourceTree = "<group>";
		};
		740FE80622C11C700076C1B6 /* Runtime介绍 */ = {
			isa = PBXGroup;
			children = (
				740FE80722C11C700076C1B6 /* main.m */,
			);
			path = "Runtime介绍";
			sourceTree = "<group>";
		};
		740FE82322C245C30076C1B6 /* Tagged Pointer介绍 */ = {
			isa = PBXGroup;
			children = (
				740FE82422C245C30076C1B6 /* AppDelegate.h */,
				740FE82522C245C30076C1B6 /* AppDelegate.m */,
				740FE82722C245C30076C1B6 /* ViewController.h */,
				740FE82822C245C30076C1B6 /* ViewController.m */,
				740FE82A22C245C30076C1B6 /* Main.storyboard */,
				740FE82D22C245C40076C1B6 /* Assets.xcassets */,
				740FE82F22C245C40076C1B6 /* LaunchScreen.storyboard */,
				740FE83222C245C40076C1B6 /* Info.plist */,
				740FE83322C245C40076C1B6 /* main.m */,
			);
			path = "Tagged Pointer介绍";
			sourceTree = "<group>";
		};
/* End PBXGroup section */

/* Begin PBXNativeTarget section */
		740FE80422C11C700076C1B6 /* Runtime介绍 */ = {
			isa = PBXNativeTarget;
			buildConfigurationList = 740FE80922C11C700076C1B6 /* Build configuration list for PBXNativeTarget "Runtime介绍" */;
			buildPhases = (
				740FE80122C11C700076C1B6 /* Sources */,
				740FE80222C11C700076C1B6 /* Frameworks */,
				740FE80322C11C700076C1B6 /* CopyFiles */,
			);
			buildRules = (
			);
			dependencies = (
			);
			name = "Runtime介绍";
			productName = "Runtime介绍";
			productReference = 740FE80522C11C700076C1B6 /* Runtime介绍 */;
			productType = "com.apple.product-type.tool";
		};
		740FE82122C245C30076C1B6 /* Tagged Pointer介绍 */ = {
			isa = PBXNativeTarget;
			buildConfigurationList = 740FE83522C245C40076C1B6 /* Build configuration list for PBXNativeTarget "Tagged Pointer介绍" */;
			buildPhases = (
				740FE81E22C245C30076C1B6 /* Sources */,
				740FE81F22C245C30076C1B6 /* Frameworks */,
				740FE82022C245C30076C1B6 /* Resources */,
			);
			buildRules = (
			);
			dependencies = (
			);
			name = "Tagged Pointer介绍";
			productName = "Tagged Pointer介绍";
			productReference = 740FE82222C245C30076C1B6 /* Tagged Pointer介绍.app */;
			productType = "com.apple.product-type.application";
		};
/* End PBXNativeTarget section */

/* Begin PBXProject section */
		740FE7EF22C11BE70076C1B6 /* Project object */ = {
			isa = PBXProject;
			attributes = {
				LastUpgradeCheck = 1020;
				ORGANIZATIONNAME = zainguo;
				TargetAttributes = {
					740FE80422C11C700076C1B6 = {
						CreatedOnToolsVersion = 10.2;
					};
					740FE82122C245C30076C1B6 = {
						CreatedOnToolsVersion = 10.2;
					};
				};
			};
			buildConfigurationList = 740FE7F222C11BE70076C1B6 /* Build configuration list for PBXProject "Runtime之类的本质" */;
			compatibilityVersion = "Xcode 9.3";
			developmentRegion = en;
			hasScannedForEncodings = 0;
			knownRegions = (
				en,
				Base,
			);
			mainGroup = 740FE7EE22C11BE70076C1B6;
			productRefGroup = 740FE7F822C11BE70076C1B6 /* Products */;
			projectDirPath = "";
			projectRoot = "";
			targets = (
				740FE80422C11C700076C1B6 /* Runtime介绍 */,
				740FE82122C245C30076C1B6 /* Tagged Pointer介绍 */,
			);
		};
/* End PBXProject section */

/* Begin PBXResourcesBuildPhase section */
		740FE82022C245C30076C1B6 /* Resources */ = {
			isa = PBXResourcesBuildPhase;
			buildActionMask = 2147483647;
			files = (
				740FE83122C245C40076C1B6 /* LaunchScreen.storyboard in Resources */,
				740FE82E22C245C40076C1B6 /* Assets.xcassets in Resources */,
				740FE82C22C245C30076C1B6 /* Main.storyboard in Resources */,
			);
			runOnlyForDeploymentPostprocessing = 0;
		};
/* End PBXResourcesBuildPhase section */

/* Begin PBXSourcesBuildPhase section */
		740FE80122C11C700076C1B6 /* Sources */ = {
			isa = PBXSourcesBuildPhase;
			buildActionMask = 2147483647;
			files = (
				740FE80822C11C700076C1B6 /* main.m in Sources */,
			);
			runOnlyForDeploymentPostprocessing = 0;
		};
		740FE81E22C245C30076C1B6 /* Sources */ = {
			isa = PBXSourcesBuildPhase;
			buildActionMask = 2147483647;
			files = (
				740FE82922C245C30076C1B6 /* ViewController.m in Sources */,
				740FE83422C245C40076C1B6 /* main.m in Sources */,
				740FE82622C245C30076C1B6 /* AppDelegate.m in Sources */,
			);
			runOnlyForDeploymentPostprocessing = 0;
		};
/* End PBXSourcesBuildPhase section */

/* Begin PBXVariantGroup section */
		740FE82A22C245C30076C1B6 /* Main.storyboard */ = {
			isa = PBXVariantGroup;
			children = (
				740FE82B22C245C30076C1B6 /* Base */,
			);
			name = Main.storyboard;
			sourceTree = "<group>";
		};
		740FE82F22C245C40076C1B6 /* LaunchScreen.storyboard */ = {
			isa = PBXVariantGroup;
			children = (
				740FE83022C245C40076C1B6 /* Base */,
			);
			name = LaunchScreen.storyboard;
			sourceTree = "<group>";
		};
/* End PBXVariantGroup section */

/* Begin XCBuildConfiguration section */
		740FE7FC22C11BE70076C1B6 /* Debug */ = {
			isa = XCBuildConfiguration;
			buildSettings = {
				ALWAYS_SEARCH_USER_PATHS = NO;
				CLANG_ANALYZER_NONNULL = YES;
				CLANG_ANALYZER_NUMBER_OBJECT_CONVERSION = YES_AGGRESSIVE;
				CLANG_CXX_LANGUAGE_STANDARD = "gnu++14";
				CLANG_CXX_LIBRARY = "libc++";
				CLANG_ENABLE_MODULES = YES;
				CLANG_ENABLE_OBJC_ARC = YES;
				CLANG_ENABLE_OBJC_WEAK = YES;
				CLANG_WARN_BLOCK_CAPTURE_AUTORELEASING = YES;
				CLANG_WARN_BOOL_CONVERSION = YES;
				CLANG_WARN_COMMA = YES;
				CLANG_WARN_CONSTANT_CONVERSION = YES;
				CLANG_WARN_DEPRECATED_OBJC_IMPLEMENTATIONS = YES;
				CLANG_WARN_DIRECT_OBJC_ISA_USAGE = YES_ERROR;
				CLANG_WARN_DOCUMENTATION_COMMENTS = YES;
				CLANG_WARN_EMPTY_BODY = YES;
				CLANG_WARN_ENUM_CONVERSION = YES;
				CLANG_WARN_INFINITE_RECURSION = YES;
				CLANG_WARN_INT_CONVERSION = YES;
				CLANG_WARN_NON_LITERAL_NULL_CONVERSION = YES;
				CLANG_WARN_OBJC_IMPLICIT_RETAIN_SELF = YES;
				CLANG_WARN_OBJC_LITERAL_CONVERSION = YES;
				CLANG_WARN_OBJC_ROOT_CLASS = YES_ERROR;
				CLANG_WARN_RANGE_LOOP_ANALYSIS = YES;
				CLANG_WARN_STRICT_PROTOTYPES = YES;
				CLANG_WARN_SUSPICIOUS_MOVE = YES;
				CLANG_WARN_UNGUARDED_AVAILABILITY = YES_AGGRESSIVE;
				CLANG_WARN_UNREACHABLE_CODE = YES;
				CLANG_WARN__DUPLICATE_METHOD_MATCH = YES;
				CODE_SIGN_IDENTITY = "-";
				COPY_PHASE_STRIP = NO;
				DEBUG_INFORMATION_FORMAT = dwarf;
				ENABLE_STRICT_OBJC_MSGSEND = YES;
				ENABLE_TESTABILITY = YES;
				GCC_C_LANGUAGE_STANDARD = gnu11;
				GCC_DYNAMIC_NO_PIC = NO;
				GCC_NO_COMMON_BLOCKS = YES;
				GCC_OPTIMIZATION_LEVEL = 0;
				GCC_PREPROCESSOR_DEFINITIONS = (
					"DEBUG=1",
					"$(inherited)",
				);
				GCC_WARN_64_TO_32_BIT_CONVERSION = YES;
				GCC_WARN_ABOUT_RETURN_TYPE = YES_ERROR;
				GCC_WARN_UNDECLARED_SELECTOR = YES;
				GCC_WARN_UNINITIALIZED_AUTOS = YES_AGGRESSIVE;
				GCC_WARN_UNUSED_FUNCTION = YES;
				GCC_WARN_UNUSED_VARIABLE = YES;
				MACOSX_DEPLOYMENT_TARGET = 10.14;
				MTL_ENABLE_DEBUG_INFO = INCLUDE_SOURCE;
				MTL_FAST_MATH = YES;
				ONLY_ACTIVE_ARCH = YES;
				SDKROOT = macosx;
			};
			name = Debug;
		};
		740FE7FD22C11BE70076C1B6 /* Release */ = {
			isa = XCBuildConfiguration;
			buildSettings = {
				ALWAYS_SEARCH_USER_PATHS = NO;
				CLANG_ANALYZER_NONNULL = YES;
				CLANG_ANALYZER_NUMBER_OBJECT_CONVERSION = YES_AGGRESSIVE;
				CLANG_CXX_LANGUAGE_STANDARD = "gnu++14";
				CLANG_CXX_LIBRARY = "libc++";
				CLANG_ENABLE_MODULES = YES;
				CLANG_ENABLE_OBJC_ARC = YES;
				CLANG_ENABLE_OBJC_WEAK = YES;
				CLANG_WARN_BLOCK_CAPTURE_AUTORELEASING = YES;
				CLANG_WARN_BOOL_CONVERSION = YES;
				CLANG_WARN_COMMA = YES;
				CLANG_WARN_CONSTANT_CONVERSION = YES;
				CLANG_WARN_DEPRECATED_OBJC_IMPLEMENTATIONS = YES;
				CLANG_WARN_DIRECT_OBJC_ISA_USAGE = YES_ERROR;
				CLANG_WARN_DOCUMENTATION_COMMENTS = YES;
				CLANG_WARN_EMPTY_BODY = YES;
				CLANG_WARN_ENUM_CONVERSION = YES;
				CLANG_WARN_INFINITE_RECURSION = YES;
				CLANG_WARN_INT_CONVERSION = YES;
				CLANG_WARN_NON_LITERAL_NULL_CONVERSION = YES;
				CLANG_WARN_OBJC_IMPLICIT_RETAIN_SELF = YES;
				CLANG_WARN_OBJC_LITERAL_CONVERSION = YES;
				CLANG_WARN_OBJC_ROOT_CLASS = YES_ERROR;
				CLANG_WARN_RANGE_LOOP_ANALYSIS = YES;
				CLANG_WARN_STRICT_PROTOTYPES = YES;
				CLANG_WARN_SUSPICIOUS_MOVE = YES;
				CLANG_WARN_UNGUARDED_AVAILABILITY = YES_AGGRESSIVE;
				CLANG_WARN_UNREACHABLE_CODE = YES;
				CLANG_WARN__DUPLICATE_METHOD_MATCH = YES;
				CODE_SIGN_IDENTITY = "-";
				COPY_PHASE_STRIP = NO;
				DEBUG_INFORMATION_FORMAT = "dwarf-with-dsym";
				ENABLE_NS_ASSERTIONS = NO;
				ENABLE_STRICT_OBJC_MSGSEND = YES;
				GCC_C_LANGUAGE_STANDARD = gnu11;
				GCC_NO_COMMON_BLOCKS = YES;
				GCC_WARN_64_TO_32_BIT_CONVERSION = YES;
				GCC_WARN_ABOUT_RETURN_TYPE = YES_ERROR;
				GCC_WARN_UNDECLARED_SELECTOR = YES;
				GCC_WARN_UNINITIALIZED_AUTOS = YES_AGGRESSIVE;
				GCC_WARN_UNUSED_FUNCTION = YES;
				GCC_WARN_UNUSED_VARIABLE = YES;
				MACOSX_DEPLOYMENT_TARGET = 10.14;
				MTL_ENABLE_DEBUG_INFO = NO;
				MTL_FAST_MATH = YES;
				SDKROOT = macosx;
			};
			name = Release;
		};
		740FE80A22C11C700076C1B6 /* Debug */ = {
			isa = XCBuildConfiguration;
			buildSettings = {
				CODE_SIGN_STYLE = Automatic;
				PRODUCT_NAME = "$(TARGET_NAME)";
			};
			name = Debug;
		};
		740FE80B22C11C700076C1B6 /* Release */ = {
			isa = XCBuildConfiguration;
			buildSettings = {
				CODE_SIGN_STYLE = Automatic;
				PRODUCT_NAME = "$(TARGET_NAME)";
			};
			name = Release;
		};
		740FE83622C245C40076C1B6 /* Debug */ = {
			isa = XCBuildConfiguration;
			buildSettings = {
				ASSETCATALOG_COMPILER_APPICON_NAME = AppIcon;
				CODE_SIGN_IDENTITY = "iPhone Developer";
				CODE_SIGN_STYLE = Automatic;
				INFOPLIST_FILE = "Tagged Pointer介绍/Info.plist";
				IPHONEOS_DEPLOYMENT_TARGET = 12.2;
				LD_RUNPATH_SEARCH_PATHS = (
					"$(inherited)",
					"@executable_path/Frameworks",
				);
				PRODUCT_BUNDLE_IDENTIFIER = "com.caixin.Tagged-Pointer--";
				PRODUCT_NAME = "$(TARGET_NAME)";
				SDKROOT = iphoneos;
				TARGETED_DEVICE_FAMILY = "1,2";
			};
			name = Debug;
		};
		740FE83722C245C40076C1B6 /* Release */ = {
			isa = XCBuildConfiguration;
			buildSettings = {
				ASSETCATALOG_COMPILER_APPICON_NAME = AppIcon;
				CODE_SIGN_IDENTITY = "iPhone Developer";
				CODE_SIGN_STYLE = Automatic;
				INFOPLIST_FILE = "Tagged Pointer介绍/Info.plist";
				IPHONEOS_DEPLOYMENT_TARGET = 12.2;
				LD_RUNPATH_SEARCH_PATHS = (
					"$(inherited)",
					"@executable_path/Frameworks",
				);
				PRODUCT_BUNDLE_IDENTIFIER = "com.caixin.Tagged-Pointer--";
				PRODUCT_NAME = "$(TARGET_NAME)";
				SDKROOT = iphoneos;
				TARGETED_DEVICE_FAMILY = "1,2";
				VALIDATE_PRODUCT = YES;
			};
			name = Release;
		};
/* End XCBuildConfiguration section */

/* Begin XCConfigurationList section */
		740FE7F222C11BE70076C1B6 /* Build configuration list for PBXProject "Runtime之类的本质" */ = {
			isa = XCConfigurationList;
			buildConfigurations = (
				740FE7FC22C11BE70076C1B6 /* Debug */,
				740FE7FD22C11BE70076C1B6 /* Release */,
			);
			defaultConfigurationIsVisible = 0;
			defaultConfigurationName = Release;
		};
		740FE80922C11C700076C1B6 /* Build configuration list for PBXNativeTarget "Runtime介绍" */ = {
			isa = XCConfigurationList;
			buildConfigurations = (
				740FE80A22C11C700076C1B6 /* Debug */,
				740FE80B22C11C700076C1B6 /* Release */,
			);
			defaultConfigurationIsVisible = 0;
			defaultConfigurationName = Release;
		};
		740FE83522C245C40076C1B6 /* Build configuration list for PBXNativeTarget "Tagged Pointer介绍" */ = {
			isa = XCConfigurationList;
			buildConfigurations = (
				740FE83622C245C40076C1B6 /* Debug */,
				740FE83722C245C40076C1B6 /* Release */,
			);
			defaultConfigurationIsVisible = 0;
			defaultConfigurationName = Release;
		};
/* End XCConfigurationList section */
	};
	rootObject = 740FE7EF22C11BE70076C1B6 /* Project object */;
}
